PODS:
  - CDEvents (1.2.2)
  - CocoaAsyncSocket (7.4.3):
    - CocoaAsyncSocket/All (= 7.4.3)
  - CocoaAsyncSocket/All (7.4.3):
    - CocoaAsyncSocket/GCD
    - CocoaAsyncSocket/RunLoop
  - CocoaAsyncSocket/GCD (7.4.3)
  - CocoaAsyncSocket/RunLoop (7.4.3)

DEPENDENCIES:
  - CDEvents (~> 1.2)
  - CocoaAsyncSocket (~> 7.4)

SPEC CHECKSUMS:
  CDEvents: f311f23de13414f4b3625f1a663b2e1d9a85d982
  CocoaAsyncSocket: a18c75dca4b08723628a0bacca6e94803d90be91

PODFILE CHECKSUM: 3c07db80361f9009066e8e5275b50d71432f1da3

COCOAPODS: 1.0.0.beta.6
