// !$*UTF8*$!
{
	archiveVersion = 1;
	classes = {
	};
	objectVersion = 46;
	objects = {

/* Begin PBXBuildFile section */
		032590C21C9BAB770034D19C /* docker in Resources */ = {isa = PBXBuildFile; fileRef = 032590BF1C9BAB770034D19C /* docker */; };
		032590C31C9BAB770034D19C /* docker-compose in Resources */ = {isa = PBXBuildFile; fileRef = 032590C01C9BAB770034D19C /* docker-compose */; };
		032590C41C9BAB770034D19C /* Intermodal-0.4.ova in Resources */ = {isa = PBXBuildFile; fileRef = 032590C11C9BAB770034D19C /* Intermodal-0.4.ova */; };
		038836E41C854825005C5984 /* AppDelegate.m in Sources */ = {isa = PBXBuildFile; fileRef = 038836E31C854825005C5984 /* AppDelegate.m */; };
		038836E71C854825005C5984 /* main.m in Sources */ = {isa = PBXBuildFile; fileRef = 038836E61C854825005C5984 /* main.m */; };
		038836E91C854825005C5984 /* Assets.xcassets in Resources */ = {isa = PBXBuildFile; fileRef = 038836E81C854825005C5984 /* Assets.xcassets */; };
		038836EC1C854825005C5984 /* MainMenu.xib in Resources */ = {isa = PBXBuildFile; fileRef = 038836EA1C854825005C5984 /* MainMenu.xib */; };
		31DE501CC4CDFBCE58ABA986 /* IMRsyncDaemon.m in Sources */ = {isa = PBXBuildFile; fileRef = 31DE596164924F034E4BC394 /* IMRsyncDaemon.m */; };
		31DE527E8E79CA5870BE7CF7 /* IMEnvironmentSetup.m in Sources */ = {isa = PBXBuildFile; fileRef = 31DE592B58FEF6E468614103 /* IMEnvironmentSetup.m */; };
		31DE536CCB895D97B97931E3 /* IMProject.m in Sources */ = {isa = PBXBuildFile; fileRef = 31DE54010DC07D1802A5220D /* IMProject.m */; };
		31DE547BA7826B3522A0F58D /* IMVirtualBoxClient.m in Sources */ = {isa = PBXBuildFile; fileRef = 31DE5DD58489165BC6F6D155 /* IMVirtualBoxClient.m */; };
		31DE5681890A4A7F7CA4F8F2 /* IMSyncManager.m in Sources */ = {isa = PBXBuildFile; fileRef = 31DE5C53C6594C535BB6FAC7 /* IMSyncManager.m */; };
		31DE5686BDB5F592F0598B1F /* IMSyncContainerManager.m in Sources */ = {isa = PBXBuildFile; fileRef = 31DE5D944ADC461E5A78CB9A /* IMSyncContainerManager.m */; };
		31DE56E366C6F8CE553DFEB1 /* IMInboundSyncManager.m in Sources */ = {isa = PBXBuildFile; fileRef = 31DE52FDEDF02D1C598335BE /* IMInboundSyncManager.m */; };
		31DE59415CD361F7E335EA80 /* IMStatusBarController.m in Sources */ = {isa = PBXBuildFile; fileRef = 31DE53AC773A66B5983E6E5B /* IMStatusBarController.m */; };
		31DE5BF97437F704BFCE52E1 /* intermodal-env.sh in Resources */ = {isa = PBXBuildFile; fileRef = 31DE52AFD0036F7F76024786 /* intermodal-env.sh */; };
		31DE5CBD67FD4CF1C435E44F /* IMProcessManager.m in Sources */ = {isa = PBXBuildFile; fileRef = 31DE57FDFEEF5525B43ED95C /* IMProcessManager.m */; };
		31DE5D8FC8EE97035C90CDB0 /* IMVirtualMachine.m in Sources */ = {isa = PBXBuildFile; fileRef = 31DE55DDDB4CEE5F4EFA2D4A /* IMVirtualMachine.m */; };
		31DE5EC7847257CCDCA5205B /* IMPopoverController.m in Sources */ = {isa = PBXBuildFile; fileRef = 31DE5378E523BACBC4F2E4AB /* IMPopoverController.m */; };
		98D5C2C3AE7B8A1BB66FB53C /* libPods-intermodal.a in Frameworks */ = {isa = PBXBuildFile; fileRef = 88D59CF521DAB2DA6FCAF773 /* libPods-intermodal.a */; };
/* End PBXBuildFile section */

/* Begin PBXFileReference section */
		032590BF1C9BAB770034D19C /* docker */ = {isa = PBXFileReference; lastKnownFileType = "compiled.mach-o.executable"; path = docker; sourceTree = "<group>"; };
		032590C01C9BAB770034D19C /* docker-compose */ = {isa = PBXFileReference; lastKnownFileType = "compiled.mach-o.executable"; path = "docker-compose"; sourceTree = "<group>"; };
		032590C11C9BAB770034D19C /* Intermodal-0.4.ova */ = {isa = PBXFileReference; lastKnownFileType = file; path = "Intermodal-0.4.ova"; sourceTree = "<group>"; };
		038836DF1C854825005C5984 /* intermodal.app */ = {isa = PBXFileReference; explicitFileType = wrapper.application; includeInIndex = 0; path = intermodal.app; sourceTree = BUILT_PRODUCTS_DIR; };
		038836E21C854825005C5984 /* AppDelegate.h */ = {isa = PBXFileReference; lastKnownFileType = sourcecode.c.h; path = AppDelegate.h; sourceTree = "<group>"; };
		038836E31C854825005C5984 /* AppDelegate.m */ = {isa = PBXFileReference; lastKnownFileType = sourcecode.c.objc; path = AppDelegate.m; sourceTree = "<group>"; };
		038836E61C854825005C5984 /* main.m */ = {isa = PBXFileReference; lastKnownFileType = sourcecode.c.objc; path = main.m; sourceTree = "<group>"; };
		038836E81C854825005C5984 /* Assets.xcassets */ = {isa = PBXFileReference; lastKnownFileType = folder.assetcatalog; path = Assets.xcassets; sourceTree = "<group>"; };
		038836EB1C854825005C5984 /* Base */ = {isa = PBXFileReference; lastKnownFileType = file.xib; name = Base; path = Base.lproj/MainMenu.xib; sourceTree = "<group>"; };
		038836ED1C854825005C5984 /* Info.plist */ = {isa = PBXFileReference; lastKnownFileType = text.plist.xml; path = Info.plist; sourceTree = "<group>"; };
		03B1E9411C9C861A00CE65F5 /* intermodal-Prefix.pch */ = {isa = PBXFileReference; lastKnownFileType = sourcecode.c.h; path = "intermodal-Prefix.pch"; sourceTree = "<group>"; };
		31DE51D149FF8B3B81F30CEE /* IMVirtualBoxClient.h */ = {isa = PBXFileReference; fileEncoding = 4; lastKnownFileType = sourcecode.c.h; path = IMVirtualBoxClient.h; sourceTree = "<group>"; };
		31DE527BCB71A726B9C38C73 /* .gitignore */ = {isa = PBXFileReference; lastKnownFileType = file.gitignore; path = .gitignore; sourceTree = "<group>"; };
		31DE52AFD0036F7F76024786 /* intermodal-env.sh */ = {isa = PBXFileReference; fileEncoding = 4; lastKnownFileType = text.script.sh; path = "intermodal-env.sh"; sourceTree = "<group>"; };
		31DE52EA536F1B69BEBF4CBF /* IMPopoverController.h */ = {isa = PBXFileReference; fileEncoding = 4; lastKnownFileType = sourcecode.c.h; path = IMPopoverController.h; sourceTree = "<group>"; };
		31DE52FDEDF02D1C598335BE /* IMInboundSyncManager.m */ = {isa = PBXFileReference; fileEncoding = 4; lastKnownFileType = sourcecode.c.objc; path = IMInboundSyncManager.m; sourceTree = "<group>"; };
		31DE5378E523BACBC4F2E4AB /* IMPopoverController.m */ = {isa = PBXFileReference; fileEncoding = 4; lastKnownFileType = sourcecode.c.objc; path = IMPopoverController.m; sourceTree = "<group>"; };
		31DE53AC773A66B5983E6E5B /* IMStatusBarController.m */ = {isa = PBXFileReference; fileEncoding = 4; lastKnownFileType = sourcecode.c.objc; path = IMStatusBarController.m; sourceTree = "<group>"; };
		31DE54010DC07D1802A5220D /* IMProject.m */ = {isa = PBXFileReference; fileEncoding = 4; lastKnownFileType = sourcecode.c.objc; path = IMProject.m; sourceTree = "<group>"; };
		31DE54FD483755416C822475 /* IMStatusBarController.h */ = {isa = PBXFileReference; fileEncoding = 4; lastKnownFileType = sourcecode.c.h; path = IMStatusBarController.h; sourceTree = "<group>"; };
		31DE55C3A7C425AC16E7CED8 /* IMSyncManager.h */ = {isa = PBXFileReference; fileEncoding = 4; lastKnownFileType = sourcecode.c.h; path = IMSyncManager.h; sourceTree = "<group>"; };
		31DE55DDDB4CEE5F4EFA2D4A /* IMVirtualMachine.m */ = {isa = PBXFileReference; fileEncoding = 4; lastKnownFileType = sourcecode.c.objc; path = IMVirtualMachine.m; sourceTree = "<group>"; };
		31DE55F660D952DF638740EF /* IMEnvironmentSetup.h */ = {isa = PBXFileReference; fileEncoding = 4; lastKnownFileType = sourcecode.c.h; path = IMEnvironmentSetup.h; sourceTree = "<group>"; };
		31DE56AB40B45AB04D2B17AE /* IMRsyncDaemon.h */ = {isa = PBXFileReference; fileEncoding = 4; lastKnownFileType = sourcecode.c.h; path = IMRsyncDaemon.h; sourceTree = "<group>"; };
		31DE56C990ED786EE5BE7347 /* IMSyncContainerManager.h */ = {isa = PBXFileReference; fileEncoding = 4; lastKnownFileType = sourcecode.c.h; path = IMSyncContainerManager.h; sourceTree = "<group>"; };
		31DE56D1CE994212D07044EA /* IMProcessManager.h */ = {isa = PBXFileReference; fileEncoding = 4; lastKnownFileType = sourcecode.c.h; path = IMProcessManager.h; sourceTree = "<group>"; };
		31DE57A405BE604B47DA2E76 /* IMVirtualMachine.h */ = {isa = PBXFileReference; fileEncoding = 4; lastKnownFileType = sourcecode.c.h; path = IMVirtualMachine.h; sourceTree = "<group>"; };
		31DE57FDFEEF5525B43ED95C /* IMProcessManager.m */ = {isa = PBXFileReference; fileEncoding = 4; lastKnownFileType = sourcecode.c.objc; path = IMProcessManager.m; sourceTree = "<group>"; };
		31DE592B58FEF6E468614103 /* IMEnvironmentSetup.m */ = {isa = PBXFileReference; fileEncoding = 4; lastKnownFileType = sourcecode.c.objc; path = IMEnvironmentSetup.m; sourceTree = "<group>"; };
		31DE594C20F14247F3270754 /* IMInboundSyncManager.h */ = {isa = PBXFileReference; fileEncoding = 4; lastKnownFileType = sourcecode.c.h; path = IMInboundSyncManager.h; sourceTree = "<group>"; };
		31DE596164924F034E4BC394 /* IMRsyncDaemon.m */ = {isa = PBXFileReference; fileEncoding = 4; lastKnownFileType = sourcecode.c.objc; path = IMRsyncDaemon.m; sourceTree = "<group>"; };
		31DE599FB4E074AF39C32C3A /* getbinaries.sh */ = {isa = PBXFileReference; fileEncoding = 4; lastKnownFileType = text.script.sh; path = getbinaries.sh; sourceTree = "<group>"; };
		31DE5B2F2B4668121A1F62B8 /* IMProject.h */ = {isa = PBXFileReference; fileEncoding = 4; lastKnownFileType = sourcecode.c.h; path = IMProject.h; sourceTree = "<group>"; };
		31DE5C53C6594C535BB6FAC7 /* IMSyncManager.m */ = {isa = PBXFileReference; fileEncoding = 4; lastKnownFileType = sourcecode.c.objc; path = IMSyncManager.m; sourceTree = "<group>"; };
		31DE5D944ADC461E5A78CB9A /* IMSyncContainerManager.m */ = {isa = PBXFileReference; fileEncoding = 4; lastKnownFileType = sourcecode.c.objc; path = IMSyncContainerManager.m; sourceTree = "<group>"; };
		31DE5DD58489165BC6F6D155 /* IMVirtualBoxClient.m */ = {isa = PBXFileReference; fileEncoding = 4; lastKnownFileType = sourcecode.c.objc; path = IMVirtualBoxClient.m; sourceTree = "<group>"; };
		88D59CF521DAB2DA6FCAF773 /* libPods-intermodal.a */ = {isa = PBXFileReference; explicitFileType = archive.ar; includeInIndex = 0; path = "libPods-intermodal.a"; sourceTree = BUILT_PRODUCTS_DIR; };
		905BCAD3971AD0A0CA8F8254 /* Pods-intermodal.debug.xcconfig */ = {isa = PBXFileReference; includeInIndex = 1; lastKnownFileType = text.xcconfig; name = "Pods-intermodal.debug.xcconfig"; path = "Pods/Target Support Files/Pods-intermodal/Pods-intermodal.debug.xcconfig"; sourceTree = "<group>"; };
		B3AC620F6B21122DE38AEB1C /* Pods-intermodal.release.xcconfig */ = {isa = PBXFileReference; includeInIndex = 1; lastKnownFileType = text.xcconfig; name = "Pods-intermodal.release.xcconfig"; path = "Pods/Target Support Files/Pods-intermodal/Pods-intermodal.release.xcconfig"; sourceTree = "<group>"; };
/* End PBXFileReference section */

/* Begin PBXFrameworksBuildPhase section */
		038836DC1C854825005C5984 /* Frameworks */ = {
			isa = PBXFrameworksBuildPhase;
			buildActionMask = 2147483647;
			files = (
				98D5C2C3AE7B8A1BB66FB53C /* libPods-intermodal.a in Frameworks */,
			);
			runOnlyForDeploymentPostprocessing = 0;
		};
/* End PBXFrameworksBuildPhase section */

/* Begin PBXGroup section */
		038836D61C854825005C5984 = {
			isa = PBXGroup;
			children = (
				03B1E9411C9C861A00CE65F5 /* intermodal-Prefix.pch */,
				038836E11C854825005C5984 /* intermodal */,
				038836E01C854825005C5984 /* Products */,
				31DE5C90AE5B7F50BC83EDF7 /* binaries */,
				AAC8935E74770B036A07C85C /* Pods */,
				F1DB486AF738E02202FE87A5 /* Frameworks */,
			);
			sourceTree = "<group>";
		};
		038836E01C854825005C5984 /* Products */ = {
			isa = PBXGroup;
			children = (
				038836DF1C854825005C5984 /* intermodal.app */,
			);
			name = Products;
			sourceTree = "<group>";
		};
		038836E11C854825005C5984 /* intermodal */ = {
			isa = PBXGroup;
			children = (
				038836E21C854825005C5984 /* AppDelegate.h */,
				038836E31C854825005C5984 /* AppDelegate.m */,
				038836E81C854825005C5984 /* Assets.xcassets */,
				038836EA1C854825005C5984 /* MainMenu.xib */,
				038836ED1C854825005C5984 /* Info.plist */,
				038836E51C854825005C5984 /* Supporting Files */,
				31DE53AC773A66B5983E6E5B /* IMStatusBarController.m */,
				31DE54FD483755416C822475 /* IMStatusBarController.h */,
				31DE5DD58489165BC6F6D155 /* IMVirtualBoxClient.m */,
				31DE51D149FF8B3B81F30CEE /* IMVirtualBoxClient.h */,
				31DE5C53C6594C535BB6FAC7 /* IMSyncManager.m */,
				31DE55C3A7C425AC16E7CED8 /* IMSyncManager.h */,
				31DE57FDFEEF5525B43ED95C /* IMProcessManager.m */,
				31DE56D1CE994212D07044EA /* IMProcessManager.h */,
				31DE596164924F034E4BC394 /* IMRsyncDaemon.m */,
				31DE56AB40B45AB04D2B17AE /* IMRsyncDaemon.h */,
				31DE52FDEDF02D1C598335BE /* IMInboundSyncManager.m */,
				31DE594C20F14247F3270754 /* IMInboundSyncManager.h */,
				31DE55DDDB4CEE5F4EFA2D4A /* IMVirtualMachine.m */,
				31DE57A405BE604B47DA2E76 /* IMVirtualMachine.h */,
				31DE54010DC07D1802A5220D /* IMProject.m */,
				31DE5B2F2B4668121A1F62B8 /* IMProject.h */,
				31DE592B58FEF6E468614103 /* IMEnvironmentSetup.m */,
				31DE55F660D952DF638740EF /* IMEnvironmentSetup.h */,
				31DE5378E523BACBC4F2E4AB /* IMPopoverController.m */,
				31DE52EA536F1B69BEBF4CBF /* IMPopoverController.h */,
				31DE5D944ADC461E5A78CB9A /* IMSyncContainerManager.m */,
				31DE56C990ED786EE5BE7347 /* IMSyncContainerManager.h */,
			);
			path = intermodal;
			sourceTree = "<group>";
		};
		038836E51C854825005C5984 /* Supporting Files */ = {
			isa = PBXGroup;
			children = (
				038836E61C854825005C5984 /* main.m */,
			);
			name = "Supporting Files";
			sourceTree = "<group>";
		};
		31DE5C90AE5B7F50BC83EDF7 /* binaries */ = {
			isa = PBXGroup;
			children = (
				032590BF1C9BAB770034D19C /* docker */,
				032590C01C9BAB770034D19C /* docker-compose */,
				032590C11C9BAB770034D19C /* Intermodal-0.4.ova */,
				31DE599FB4E074AF39C32C3A /* getbinaries.sh */,
				31DE527BCB71A726B9C38C73 /* .gitignore */,
				31DE52AFD0036F7F76024786 /* intermodal-env.sh */,
			);
			path = binaries;
			sourceTree = "<group>";
		};
		AAC8935E74770B036A07C85C /* Pods */ = {
			isa = PBXGroup;
			children = (
				905BCAD3971AD0A0CA8F8254 /* Pods-intermodal.debug.xcconfig */,
				B3AC620F6B21122DE38AEB1C /* Pods-intermodal.release.xcconfig */,
			);
			name = Pods;
			sourceTree = "<group>";
		};
		F1DB486AF738E02202FE87A5 /* Frameworks */ = {
			isa = PBXGroup;
			children = (
				88D59CF521DAB2DA6FCAF773 /* libPods-intermodal.a */,
			);
			name = Frameworks;
			sourceTree = "<group>";
		};
/* End PBXGroup section */

/* Begin PBXNativeTarget section */
		038836DE1C854825005C5984 /* intermodal */ = {
			isa = PBXNativeTarget;
			buildConfigurationList = 038836F01C854825005C5984 /* Build configuration list for PBXNativeTarget "intermodal" */;
			buildPhases = (
				107615DA6A5BC3889EFD51BC /* 📦 Check Pods Manifest.lock */,
				C1426662898FDF12562DCBF8 /* uD83DuDCE6 Check Pods Manifest.lock */,
				038836DB1C854825005C5984 /* Sources */,
				038836DC1C854825005C5984 /* Frameworks */,
				038836DD1C854825005C5984 /* Resources */,
				3E7CA9C551BEA2AE8390EA14 /* uD83DuDCE6 Embed Pods Frameworks */,
				DBF709C0DA66AAA5360CAE0E /* uD83DuDCE6 Copy Pods Resources */,
				8CAC5A13FF2E5A6BB18B006E /* 📦 Embed Pods Frameworks */,
				903751070470D8D2FCC941D3 /* 📦 Copy Pods Resources */,
			);
			buildRules = (
			);
			dependencies = (
			);
			name = intermodal;
			productName = intermodal;
			productReference = 038836DF1C854825005C5984 /* intermodal.app */;
			productType = "com.apple.product-type.application";
		};
/* End PBXNativeTarget section */

/* Begin PBXProject section */
		038836D71C854825005C5984 /* Project object */ = {
			isa = PBXProject;
			attributes = {
				LastUpgradeCheck = 0720;
				ORGANIZATIONNAME = joshbutts;
				TargetAttributes = {
					038836DE1C854825005C5984 = {
						CreatedOnToolsVersion = 7.2.1;
						DevelopmentTeam = L23V22UKM5;
					};
				};
			};
			buildConfigurationList = 038836DA1C854825005C5984 /* Build configuration list for PBXProject "intermodal" */;
			compatibilityVersion = "Xcode 3.2";
			developmentRegion = English;
			hasScannedForEncodings = 0;
			knownRegions = (
				en,
				Base,
			);
			mainGroup = 038836D61C854825005C5984;
			productRefGroup = 038836E01C854825005C5984 /* Products */;
			projectDirPath = "";
			projectRoot = "";
			targets = (
				038836DE1C854825005C5984 /* intermodal */,
			);
		};
/* End PBXProject section */

/* Begin PBXResourcesBuildPhase section */
		038836DD1C854825005C5984 /* Resources */ = {
			isa = PBXResourcesBuildPhase;
			buildActionMask = 2147483647;
			files = (
				032590C21C9BAB770034D19C /* docker in Resources */,
				038836E91C854825005C5984 /* Assets.xcassets in Resources */,
				038836EC1C854825005C5984 /* MainMenu.xib in Resources */,
				032590C41C9BAB770034D19C /* Intermodal-0.4.ova in Resources */,
				032590C31C9BAB770034D19C /* docker-compose in Resources */,
				31DE5BF97437F704BFCE52E1 /* intermodal-env.sh in Resources */,
			);
			runOnlyForDeploymentPostprocessing = 0;
		};
/* End PBXResourcesBuildPhase section */

/* Begin PBXShellScriptBuildPhase section */
		107615DA6A5BC3889EFD51BC /* 📦 Check Pods Manifest.lock */ = {
			isa = PBXShellScriptBuildPhase;
			buildActionMask = 2147483647;
			files = (
			);
			inputPaths = (
			);
			name = "\uD83D\uDCE6 Check Pods Manifest.lock";
			outputPaths = (
			);
			runOnlyForDeploymentPostprocessing = 0;
			shellPath = /bin/sh;
			shellScript = "diff \"${PODS_ROOT}/../Podfile.lock\" \"${PODS_ROOT}/Manifest.lock\" > /dev/null\nif [[ $? != 0 ]] ; then\n    cat << EOM\nerror: The sandbox is not in sync with the Podfile.lock. Run 'pod install' or update your CocoaPods installation.\nEOM\n    exit 1\nfi\n";
			showEnvVarsInLog = 0;
		};
		3E7CA9C551BEA2AE8390EA14 /* uD83DuDCE6 Embed Pods Frameworks */ = {
			isa = PBXShellScriptBuildPhase;
			buildActionMask = 2147483647;
			files = (
			);
			inputPaths = (
			);
			name = "uD83DuDCE6 Embed Pods Frameworks";
			outputPaths = (
			);
			runOnlyForDeploymentPostprocessing = 0;
			shellPath = /bin/sh;
			shellScript = "\"${SRCROOT}/Pods/Target Support Files/Pods-intermodal/Pods-intermodal-frameworks.sh\"\n";
			showEnvVarsInLog = 0;
		};
		8CAC5A13FF2E5A6BB18B006E /* 📦 Embed Pods Frameworks */ = {
			isa = PBXShellScriptBuildPhase;
			buildActionMask = 2147483647;
			files = (
			);
			inputPaths = (
			);
			name = "\uD83D\uDCE6 Embed Pods Frameworks";
			outputPaths = (
			);
			runOnlyForDeploymentPostprocessing = 0;
			shellPath = /bin/sh;
			shellScript = "\"${SRCROOT}/Pods/Target Support Files/Pods-intermodal/Pods-intermodal-frameworks.sh\"\n";
			showEnvVarsInLog = 0;
		};
		903751070470D8D2FCC941D3 /* 📦 Copy Pods Resources */ = {
			isa = PBXShellScriptBuildPhase;
			buildActionMask = 2147483647;
			files = (
			);
			inputPaths = (
			);
			name = "\uD83D\uDCE6 Copy Pods Resources";
			outputPaths = (
			);
			runOnlyForDeploymentPostprocessing = 0;
			shellPath = /bin/sh;
			shellScript = "\"${SRCROOT}/Pods/Target Support Files/Pods-intermodal/Pods-intermodal-resources.sh\"\n";
			showEnvVarsInLog = 0;
		};
		C1426662898FDF12562DCBF8 /* uD83DuDCE6 Check Pods Manifest.lock */ = {
			isa = PBXShellScriptBuildPhase;
			buildActionMask = 2147483647;
			files = (
			);
			inputPaths = (
			);
			name = "uD83DuDCE6 Check Pods Manifest.lock";
			outputPaths = (
			);
			runOnlyForDeploymentPostprocessing = 0;
			shellPath = /bin/sh;
			shellScript = "diff \"${PODS_ROOT}/../Podfile.lock\" \"${PODS_ROOT}/Manifest.lock\" > /dev/null\nif [[ $? != 0 ]] ; then\n    cat << EOM\nerror: The sandbox is not in sync with the Podfile.lock. Run 'pod install' or update your CocoaPods installation.\nEOM\n    exit 1\nfi\n";
			showEnvVarsInLog = 0;
		};
		DBF709C0DA66AAA5360CAE0E /* uD83DuDCE6 Copy Pods Resources */ = {
			isa = PBXShellScriptBuildPhase;
			buildActionMask = 2147483647;
			files = (
			);
			inputPaths = (
			);
			name = "uD83DuDCE6 Copy Pods Resources";
			outputPaths = (
			);
			runOnlyForDeploymentPostprocessing = 0;
			shellPath = /bin/sh;
			shellScript = "\"${SRCROOT}/Pods/Target Support Files/Pods-intermodal/Pods-intermodal-resources.sh\"\n";
			showEnvVarsInLog = 0;
		};
/* End PBXShellScriptBuildPhase section */

/* Begin PBXSourcesBuildPhase section */
		038836DB1C854825005C5984 /* Sources */ = {
			isa = PBXSourcesBuildPhase;
			buildActionMask = 2147483647;
			files = (
				038836E71C854825005C5984 /* main.m in Sources */,
				038836E41C854825005C5984 /* AppDelegate.m in Sources */,
				31DE59415CD361F7E335EA80 /* IMStatusBarController.m in Sources */,
				31DE547BA7826B3522A0F58D /* IMVirtualBoxClient.m in Sources */,
				31DE5681890A4A7F7CA4F8F2 /* IMSyncManager.m in Sources */,
				31DE5CBD67FD4CF1C435E44F /* IMProcessManager.m in Sources */,
				31DE501CC4CDFBCE58ABA986 /* IMRsyncDaemon.m in Sources */,
				31DE56E366C6F8CE553DFEB1 /* IMInboundSyncManager.m in Sources */,
				31DE5D8FC8EE97035C90CDB0 /* IMVirtualMachine.m in Sources */,
				31DE536CCB895D97B97931E3 /* IMProject.m in Sources */,
				31DE527E8E79CA5870BE7CF7 /* IMEnvironmentSetup.m in Sources */,
				31DE5EC7847257CCDCA5205B /* IMPopoverController.m in Sources */,
				31DE5686BDB5F592F0598B1F /* IMSyncContainerManager.m in Sources */,
			);
			runOnlyForDeploymentPostprocessing = 0;
		};
/* End PBXSourcesBuildPhase section */

/* Begin PBXVariantGroup section */
		038836EA1C854825005C5984 /* MainMenu.xib */ = {
			isa = PBXVariantGroup;
			children = (
				038836EB1C854825005C5984 /* Base */,
			);
			name = MainMenu.xib;
			sourceTree = "<group>";
		};
/* End PBXVariantGroup section */

/* Begin XCBuildConfiguration section */
		038836EE1C854825005C5984 /* Debug */ = {
			isa = XCBuildConfiguration;
			buildSettings = {
				ALWAYS_SEARCH_USER_PATHS = NO;
				CLANG_CXX_LANGUAGE_STANDARD = "gnu++0x";
				CLANG_CXX_LIBRARY = "libc++";
				CLANG_ENABLE_MODULES = YES;
				CLANG_ENABLE_OBJC_ARC = YES;
				CLANG_WARN_BOOL_CONVERSION = YES;
				CLANG_WARN_CONSTANT_CONVERSION = YES;
				CLANG_WARN_DIRECT_OBJC_ISA_USAGE = YES_ERROR;
				CLANG_WARN_EMPTY_BODY = YES;
				CLANG_WARN_ENUM_CONVERSION = YES;
				CLANG_WARN_INT_CONVERSION = YES;
				CLANG_WARN_OBJC_ROOT_CLASS = YES_ERROR;
				CLANG_WARN_UNREACHABLE_CODE = YES;
				CLANG_WARN__DUPLICATE_METHOD_MATCH = YES;
				CODE_SIGN_IDENTITY = "-";
				COPY_PHASE_STRIP = NO;
				DEBUG_INFORMATION_FORMAT = dwarf;
				ENABLE_STRICT_OBJC_MSGSEND = YES;
				ENABLE_TESTABILITY = YES;
				GCC_C_LANGUAGE_STANDARD = gnu99;
				GCC_DYNAMIC_NO_PIC = NO;
				GCC_NO_COMMON_BLOCKS = YES;
				GCC_OPTIMIZATION_LEVEL = 0;
				GCC_PREPROCESSOR_DEFINITIONS = (
					"DEBUG=1",
					"$(inherited)",
				);
				GCC_WARN_64_TO_32_BIT_CONVERSION = YES;
				GCC_WARN_ABOUT_RETURN_TYPE = YES_ERROR;
				GCC_WARN_UNDECLARED_SELECTOR = YES;
				GCC_WARN_UNINITIALIZED_AUTOS = YES_AGGRESSIVE;
				GCC_WARN_UNUSED_FUNCTION = YES;
				GCC_WARN_UNUSED_VARIABLE = YES;
				MACOSX_DEPLOYMENT_TARGET = 10.11;
				MTL_ENABLE_DEBUG_INFO = YES;
				ONLY_ACTIVE_ARCH = YES;
				SDKROOT = macosx;
			};
			name = Debug;
		};
		038836EF1C854825005C5984 /* Release */ = {
			isa = XCBuildConfiguration;
			buildSettings = {
				ALWAYS_SEARCH_USER_PATHS = NO;
				CLANG_CXX_LANGUAGE_STANDARD = "gnu++0x";
				CLANG_CXX_LIBRARY = "libc++";
				CLANG_ENABLE_MODULES = YES;
				CLANG_ENABLE_OBJC_ARC = YES;
				CLANG_WARN_BOOL_CONVERSION = YES;
				CLANG_WARN_CONSTANT_CONVERSION = YES;
				CLANG_WARN_DIRECT_OBJC_ISA_USAGE = YES_ERROR;
				CLANG_WARN_EMPTY_BODY = YES;
				CLANG_WARN_ENUM_CONVERSION = YES;
				CLANG_WARN_INT_CONVERSION = YES;
				CLANG_WARN_OBJC_ROOT_CLASS = YES_ERROR;
				CLANG_WARN_UNREACHABLE_CODE = YES;
				CLANG_WARN__DUPLICATE_METHOD_MATCH = YES;
				CODE_SIGN_IDENTITY = "-";
				COPY_PHASE_STRIP = NO;
				DEBUG_INFORMATION_FORMAT = "dwarf-with-dsym";
				ENABLE_NS_ASSERTIONS = NO;
				ENABLE_STRICT_OBJC_MSGSEND = YES;
				GCC_C_LANGUAGE_STANDARD = gnu99;
				GCC_NO_COMMON_BLOCKS = YES;
				GCC_WARN_64_TO_32_BIT_CONVERSION = YES;
				GCC_WARN_ABOUT_RETURN_TYPE = YES_ERROR;
				GCC_WARN_UNDECLARED_SELECTOR = YES;
				GCC_WARN_UNINITIALIZED_AUTOS = YES_AGGRESSIVE;
				GCC_WARN_UNUSED_FUNCTION = YES;
				GCC_WARN_UNUSED_VARIABLE = YES;
				MACOSX_DEPLOYMENT_TARGET = 10.11;
				MTL_ENABLE_DEBUG_INFO = NO;
				SDKROOT = macosx;
			};
			name = Release;
		};
		038836F11C854825005C5984 /* Debug */ = {
			isa = XCBuildConfiguration;
			baseConfigurationReference = 905BCAD3971AD0A0CA8F8254 /* Pods-intermodal.debug.xcconfig */;
			buildSettings = {
				ASSETCATALOG_COMPILER_APPICON_NAME = AppIcon;
				COMBINE_HIDPI_IMAGES = YES;
				FRAMEWORK_SEARCH_PATHS = (
					"$(inherited)",
					"$(USER_LIBRARY_DIR)/Frameworks",
				);
				GCC_PREFIX_HEADER = "intermodal-Prefix.pch";
				INFOPLIST_FILE = intermodal/Info.plist;
				LD_RUNPATH_SEARCH_PATHS = "$(inherited) @executable_path/../Frameworks";
				PRODUCT_BUNDLE_IDENTIFIER = com.joshbutts.intermodal;
				PRODUCT_NAME = "$(TARGET_NAME)";
			};
			name = Debug;
		};
		038836F21C854825005C5984 /* Release */ = {
			isa = XCBuildConfiguration;
			baseConfigurationReference = B3AC620F6B21122DE38AEB1C /* Pods-intermodal.release.xcconfig */;
			buildSettings = {
				ASSETCATALOG_COMPILER_APPICON_NAME = AppIcon;
				COMBINE_HIDPI_IMAGES = YES;
				FRAMEWORK_SEARCH_PATHS = (
					"$(inherited)",
					"$(USER_LIBRARY_DIR)/Frameworks",
				);
				GCC_PREFIX_HEADER = "intermodal/intermodal-Prefix.pch";
				INFOPLIST_FILE = intermodal/Info.plist;
				LD_RUNPATH_SEARCH_PATHS = "$(inherited) @executable_path/../Frameworks";
				PRODUCT_BUNDLE_IDENTIFIER = com.joshbutts.intermodal;
				PRODUCT_NAME = "$(TARGET_NAME)";
			};
			name = Release;
		};
/* End XCBuildConfiguration section */

/* Begin XCConfigurationList section */
		038836DA1C854825005C5984 /* Build configuration list for PBXProject "intermodal" */ = {
			isa = XCConfigurationList;
			buildConfigurations = (
				038836EE1C854825005C5984 /* Debug */,
				038836EF1C854825005C5984 /* Release */,
			);
			defaultConfigurationIsVisible = 0;
			defaultConfigurationName = Release;
		};
		038836F01C854825005C5984 /* Build configuration list for PBXNativeTarget "intermodal" */ = {
			isa = XCConfigurationList;
			buildConfigurations = (
				038836F11C854825005C5984 /* Debug */,
				038836F21C854825005C5984 /* Release */,
			);
			defaultConfigurationIsVisible = 0;
			defaultConfigurationName = Release;
		};
/* End XCConfigurationList section */
	};
	rootObject = 038836D71C854825005C5984 /* Project object */;
}
